// !$*UTF8*$!
{
	archiveVersion = 1;
	classes = {
	};
	objectVersion = 50;
	objects = {

/* Begin PBXBuildFile section */
		251EF5BD24260658006536F1 /* ScoutingPagerViewController.swift in Sources */ = {isa = PBXBuildFile; fileRef = 251EF5BC24260658006536F1 /* ScoutingPagerViewController.swift */; };
		251EF5C324262098006536F1 /* layout.json in Resources */ = {isa = PBXBuildFile; fileRef = 251EF5C224262098006536F1 /* layout.json */; };
		251EF5C624262973006536F1 /* ViewController1.swift in Sources */ = {isa = PBXBuildFile; fileRef = 251EF5C524262973006536F1 /* ViewController1.swift */; };
		251EF5C82426298E006536F1 /* ViewController2.swift in Sources */ = {isa = PBXBuildFile; fileRef = 251EF5C72426298E006536F1 /* ViewController2.swift */; };
		251EF5CA242629AA006536F1 /* ViewController3.swift in Sources */ = {isa = PBXBuildFile; fileRef = 251EF5C9242629AA006536F1 /* ViewController3.swift */; };
		2599A5DB241DE1FB0001DF68 /* SettingsViewController.swift in Sources */ = {isa = PBXBuildFile; fileRef = 2599A5DA241DE1FB0001DF68 /* SettingsViewController.swift */; };
		2599A5DD241DE88A0001DF68 /* jsonEvents.swift in Sources */ = {isa = PBXBuildFile; fileRef = 2599A5DC241DE88A0001DF68 /* jsonEvents.swift */; };
		25AED09C2418B5C8005BB069 /* jsonMatchScheduleStructure.swift in Sources */ = {isa = PBXBuildFile; fileRef = 25AED09B2418B5C8005BB069 /* jsonMatchScheduleStructure.swift */; };
		25CEF67A240338B900034E12 /* matchSchedule.swift in Sources */ = {isa = PBXBuildFile; fileRef = 25CEF679240338B900034E12 /* matchSchedule.swift */; };
		25E0F562241EC1460034432A /* settingsCells.swift in Sources */ = {isa = PBXBuildFile; fileRef = 25E0F561241EC1460034432A /* settingsCells.swift */; };
		25E0F564241EC1610034432A /* settings.swift in Sources */ = {isa = PBXBuildFile; fileRef = 25E0F563241EC1610034432A /* settings.swift */; };
		25E0F56C241F63780034432A /* EventSelectionController.swift in Sources */ = {isa = PBXBuildFile; fileRef = 25E0F56B241F63780034432A /* EventSelectionController.swift */; };
		25E0F56E241F6BFE0034432A /* Events.swift in Sources */ = {isa = PBXBuildFile; fileRef = 25E0F56D241F6BFE0034432A /* Events.swift */; };
		25E0F571241F6C1E0034432A /* EventCells.swift in Sources */ = {isa = PBXBuildFile; fileRef = 25E0F570241F6C1E0034432A /* EventCells.swift */; };
		25F35CC42400E60600CAA81D /* AppDelegate.swift in Sources */ = {isa = PBXBuildFile; fileRef = 25F35CC32400E60600CAA81D /* AppDelegate.swift */; };
		25F35CC62400E60600CAA81D /* SceneDelegate.swift in Sources */ = {isa = PBXBuildFile; fileRef = 25F35CC52400E60600CAA81D /* SceneDelegate.swift */; };
		25F35CC82400E60600CAA81D /* ViewController.swift in Sources */ = {isa = PBXBuildFile; fileRef = 25F35CC72400E60600CAA81D /* ViewController.swift */; };
		25F35CCB2400E60600CAA81D /* Main.storyboard in Resources */ = {isa = PBXBuildFile; fileRef = 25F35CC92400E60600CAA81D /* Main.storyboard */; };
		25F35CCD2400E60800CAA81D /* Assets.xcassets in Resources */ = {isa = PBXBuildFile; fileRef = 25F35CCC2400E60800CAA81D /* Assets.xcassets */; };
		25F35CD02400E60800CAA81D /* LaunchScreen.storyboard in Resources */ = {isa = PBXBuildFile; fileRef = 25F35CCE2400E60800CAA81D /* LaunchScreen.storyboard */; };
		25F96487242104F10095A6DF /* tbaKey.swift in Sources */ = {isa = PBXBuildFile; fileRef = 25F96486242104F10095A6DF /* tbaKey.swift */; };
		25F9648924237AE90095A6DF /* matchScheduleCells.swift in Sources */ = {isa = PBXBuildFile; fileRef = 25F9648824237AE90095A6DF /* matchScheduleCells.swift */; };
/* End PBXBuildFile section */

/* Begin PBXFileReference section */
		251EF5BC24260658006536F1 /* ScoutingPagerViewController.swift */ = {isa = PBXFileReference; lastKnownFileType = sourcecode.swift; path = ScoutingPagerViewController.swift; sourceTree = "<group>"; };
		251EF5C224262098006536F1 /* layout.json */ = {isa = PBXFileReference; lastKnownFileType = text.json; path = layout.json; sourceTree = "<group>"; };
		251EF5C524262973006536F1 /* ViewController1.swift */ = {isa = PBXFileReference; lastKnownFileType = sourcecode.swift; path = ViewController1.swift; sourceTree = "<group>"; };
		251EF5C72426298E006536F1 /* ViewController2.swift */ = {isa = PBXFileReference; lastKnownFileType = sourcecode.swift; path = ViewController2.swift; sourceTree = "<group>"; };
		251EF5C9242629AA006536F1 /* ViewController3.swift */ = {isa = PBXFileReference; lastKnownFileType = sourcecode.swift; path = ViewController3.swift; sourceTree = "<group>"; };
		2599A5DA241DE1FB0001DF68 /* SettingsViewController.swift */ = {isa = PBXFileReference; lastKnownFileType = sourcecode.swift; path = SettingsViewController.swift; sourceTree = "<group>"; };
		2599A5DC241DE88A0001DF68 /* jsonEvents.swift */ = {isa = PBXFileReference; lastKnownFileType = sourcecode.swift; path = jsonEvents.swift; sourceTree = "<group>"; };
		25AED09B2418B5C8005BB069 /* jsonMatchScheduleStructure.swift */ = {isa = PBXFileReference; lastKnownFileType = sourcecode.swift; path = jsonMatchScheduleStructure.swift; sourceTree = "<group>"; };
		25CEF679240338B900034E12 /* matchSchedule.swift */ = {isa = PBXFileReference; lastKnownFileType = sourcecode.swift; path = matchSchedule.swift; sourceTree = "<group>"; };
		25E0F561241EC1460034432A /* settingsCells.swift */ = {isa = PBXFileReference; lastKnownFileType = sourcecode.swift; path = settingsCells.swift; sourceTree = "<group>"; };
		25E0F563241EC1610034432A /* settings.swift */ = {isa = PBXFileReference; lastKnownFileType = sourcecode.swift; path = settings.swift; sourceTree = "<group>"; };
		25E0F56B241F63780034432A /* EventSelectionController.swift */ = {isa = PBXFileReference; lastKnownFileType = sourcecode.swift; path = EventSelectionController.swift; sourceTree = "<group>"; };
		25E0F56D241F6BFE0034432A /* Events.swift */ = {isa = PBXFileReference; lastKnownFileType = sourcecode.swift; path = Events.swift; sourceTree = "<group>"; };
		25E0F570241F6C1E0034432A /* EventCells.swift */ = {isa = PBXFileReference; lastKnownFileType = sourcecode.swift; path = EventCells.swift; sourceTree = "<group>"; };
		25F35CC02400E60600CAA81D /* ios-scouting-app.app */ = {isa = PBXFileReference; explicitFileType = wrapper.application; includeInIndex = 0; path = "ios-scouting-app.app"; sourceTree = BUILT_PRODUCTS_DIR; };
		25F35CC32400E60600CAA81D /* AppDelegate.swift */ = {isa = PBXFileReference; lastKnownFileType = sourcecode.swift; path = AppDelegate.swift; sourceTree = "<group>"; };
		25F35CC52400E60600CAA81D /* SceneDelegate.swift */ = {isa = PBXFileReference; lastKnownFileType = sourcecode.swift; path = SceneDelegate.swift; sourceTree = "<group>"; };
		25F35CC72400E60600CAA81D /* ViewController.swift */ = {isa = PBXFileReference; lastKnownFileType = sourcecode.swift; path = ViewController.swift; sourceTree = "<group>"; };
		25F35CCA2400E60600CAA81D /* Base */ = {isa = PBXFileReference; lastKnownFileType = file.storyboard; name = Base; path = Base.lproj/Main.storyboard; sourceTree = "<group>"; };
		25F35CCC2400E60800CAA81D /* Assets.xcassets */ = {isa = PBXFileReference; lastKnownFileType = folder.assetcatalog; path = Assets.xcassets; sourceTree = "<group>"; };
		25F35CCF2400E60800CAA81D /* Base */ = {isa = PBXFileReference; lastKnownFileType = file.storyboard; name = Base; path = Base.lproj/LaunchScreen.storyboard; sourceTree = "<group>"; };
		25F35CD12400E60800CAA81D /* Info.plist */ = {isa = PBXFileReference; lastKnownFileType = text.plist.xml; path = Info.plist; sourceTree = "<group>"; };
		25F96486242104F10095A6DF /* tbaKey.swift */ = {isa = PBXFileReference; lastKnownFileType = sourcecode.swift; path = tbaKey.swift; sourceTree = "<group>"; };
		25F9648824237AE90095A6DF /* matchScheduleCells.swift */ = {isa = PBXFileReference; lastKnownFileType = sourcecode.swift; path = matchScheduleCells.swift; sourceTree = "<group>"; };
/* End PBXFileReference section */

/* Begin PBXFrameworksBuildPhase section */
		25F35CBD2400E60600CAA81D /* Frameworks */ = {
			isa = PBXFrameworksBuildPhase;
			buildActionMask = 2147483647;
			files = (
			);
			runOnlyForDeploymentPostprocessing = 0;
		};
/* End PBXFrameworksBuildPhase section */

/* Begin PBXGroup section */
		251EF5C42426294F006536F1 /* ScoutingScreens */ = {
			isa = PBXGroup;
			children = (
				251EF5C524262973006536F1 /* ViewController1.swift */,
				251EF5C72426298E006536F1 /* ViewController2.swift */,
				251EF5C9242629AA006536F1 /* ViewController3.swift */,
			);
			name = ScoutingScreens;
			sourceTree = "<group>";
		};
		25E0F565241EC1660034432A /* TableView */ = {
			isa = PBXGroup;
			children = (
				25F9648C2424A3190095A6DF /* ScoutingScreens */,
				25E0F56F241F6C020034432A /* Events */,
				25E0F568241EC1A20034432A /* Matches */,
				25E0F567241EC1980034432A /* settings */,
			);
			name = TableView;
			sourceTree = "<group>";
		};
		25E0F567241EC1980034432A /* settings */ = {
			isa = PBXGroup;
			children = (
				25E0F561241EC1460034432A /* settingsCells.swift */,
				25E0F563241EC1610034432A /* settings.swift */,
			);
			path = settings;
			sourceTree = "<group>";
		};
		25E0F568241EC1A20034432A /* Matches */ = {
			isa = PBXGroup;
			children = (
				25CEF679240338B900034E12 /* matchSchedule.swift */,
				25F9648824237AE90095A6DF /* matchScheduleCells.swift */,
			);
			path = Matches;
			sourceTree = "<group>";
		};
		25E0F569241EC1BB0034432A /* tba */ = {
			isa = PBXGroup;
			children = (
				2599A5DC241DE88A0001DF68 /* jsonEvents.swift */,
				25AED09B2418B5C8005BB069 /* jsonMatchScheduleStructure.swift */,
			);
			name = tba;
			sourceTree = "<group>";
		};
		25E0F56A241EC2460034432A /* ViewControllers */ = {
			isa = PBXGroup;
			children = (
				25F35CC72400E60600CAA81D /* ViewController.swift */,
				2599A5DA241DE1FB0001DF68 /* SettingsViewController.swift */,
				25E0F56B241F63780034432A /* EventSelectionController.swift */,
				251EF5BC24260658006536F1 /* ScoutingPagerViewController.swift */,
			);
			name = ViewControllers;
			sourceTree = "<group>";
		};
		25E0F56F241F6C020034432A /* Events */ = {
			isa = PBXGroup;
			children = (
				25E0F56D241F6BFE0034432A /* Events.swift */,
				25E0F570241F6C1E0034432A /* EventCells.swift */,
			);
			path = Events;
			sourceTree = "<group>";
		};
		25F35CB72400E60600CAA81D = {
			isa = PBXGroup;
			children = (
				25F35CC22400E60600CAA81D /* ios-scouting-app */,
				25F35CC12400E60600CAA81D /* Products */,
			);
			sourceTree = "<group>";
		};
		25F35CC12400E60600CAA81D /* Products */ = {
			isa = PBXGroup;
			children = (
				25F35CC02400E60600CAA81D /* ios-scouting-app.app */,
			);
			name = Products;
			sourceTree = "<group>";
		};
		25F35CC22400E60600CAA81D /* ios-scouting-app */ = {
			isa = PBXGroup;
			children = (
				251EF5C42426294F006536F1 /* ScoutingScreens */,
				25E0F56A241EC2460034432A /* ViewControllers */,
				25E0F569241EC1BB0034432A /* tba */,
				25E0F565241EC1660034432A /* TableView */,
				25F35CC32400E60600CAA81D /* AppDelegate.swift */,
				25F35CC52400E60600CAA81D /* SceneDelegate.swift */,
				25F35CC92400E60600CAA81D /* Main.storyboard */,
				25F35CCC2400E60800CAA81D /* Assets.xcassets */,
				25F35CCE2400E60800CAA81D /* LaunchScreen.storyboard */,
				25F35CD12400E60800CAA81D /* Info.plist */,
				25F96486242104F10095A6DF /* tbaKey.swift */,
				251EF5C224262098006536F1 /* layout.json */,
			);
			path = "ios-scouting-app";
			sourceTree = "<group>";
		};
		25F9648C2424A3190095A6DF /* ScoutingScreens */ = {
			isa = PBXGroup;
			children = (
			);
			path = ScoutingScreens;
			sourceTree = "<group>";
		};
/* End PBXGroup section */

/* Begin PBXNativeTarget section */
		25F35CBF2400E60600CAA81D /* ios-scouting-app */ = {
			isa = PBXNativeTarget;
			buildConfigurationList = 25F35CD42400E60800CAA81D /* Build configuration list for PBXNativeTarget "ios-scouting-app" */;
			buildPhases = (
				25F35CBC2400E60600CAA81D /* Sources */,
				25F35CBD2400E60600CAA81D /* Frameworks */,
				25F35CBE2400E60600CAA81D /* Resources */,
			);
			buildRules = (
			);
			dependencies = (
			);
			name = "ios-scouting-app";
			productName = "ios-scouting-app";
			productReference = 25F35CC02400E60600CAA81D /* ios-scouting-app.app */;
			productType = "com.apple.product-type.application";
		};
/* End PBXNativeTarget section */

/* Begin PBXProject section */
		25F35CB82400E60600CAA81D /* Project object */ = {
			isa = PBXProject;
			attributes = {
				LastSwiftUpdateCheck = 1130;
				LastUpgradeCheck = 1130;
				ORGANIZATIONNAME = Warp7;
				TargetAttributes = {
					25F35CBF2400E60600CAA81D = {
						CreatedOnToolsVersion = 11.3;
					};
				};
			};
			buildConfigurationList = 25F35CBB2400E60600CAA81D /* Build configuration list for PBXProject "ios-scouting-app" */;
			compatibilityVersion = "Xcode 9.3";
			developmentRegion = en;
			hasScannedForEncodings = 0;
			knownRegions = (
				en,
				Base,
			);
			mainGroup = 25F35CB72400E60600CAA81D;
			productRefGroup = 25F35CC12400E60600CAA81D /* Products */;
			projectDirPath = "";
			projectRoot = "";
			targets = (
				25F35CBF2400E60600CAA81D /* ios-scouting-app */,
			);
		};
/* End PBXProject section */

/* Begin PBXResourcesBuildPhase section */
		25F35CBE2400E60600CAA81D /* Resources */ = {
			isa = PBXResourcesBuildPhase;
			buildActionMask = 2147483647;
			files = (
				25F35CD02400E60800CAA81D /* LaunchScreen.storyboard in Resources */,
				251EF5C324262098006536F1 /* layout.json in Resources */,
				25F35CCD2400E60800CAA81D /* Assets.xcassets in Resources */,
				25F35CCB2400E60600CAA81D /* Main.storyboard in Resources */,
			);
			runOnlyForDeploymentPostprocessing = 0;
		};
/* End PBXResourcesBuildPhase section */

/* Begin PBXSourcesBuildPhase section */
		25F35CBC2400E60600CAA81D /* Sources */ = {
			isa = PBXSourcesBuildPhase;
			buildActionMask = 2147483647;
			files = (
				251EF5C624262973006536F1 /* ViewController1.swift in Sources */,
				25E0F56E241F6BFE0034432A /* Events.swift in Sources */,
				251EF5CA242629AA006536F1 /* ViewController3.swift in Sources */,
				25E0F564241EC1610034432A /* settings.swift in Sources */,
				25F9648924237AE90095A6DF /* matchScheduleCells.swift in Sources */,
				25E0F56C241F63780034432A /* EventSelectionController.swift in Sources */,
				25AED09C2418B5C8005BB069 /* jsonMatchScheduleStructure.swift in Sources */,
				25E0F562241EC1460034432A /* settingsCells.swift in Sources */,
				251EF5BD24260658006536F1 /* ScoutingPagerViewController.swift in Sources */,
				2599A5DD241DE88A0001DF68 /* jsonEvents.swift in Sources */,
				2599A5DB241DE1FB0001DF68 /* SettingsViewController.swift in Sources */,
				25F35CC82400E60600CAA81D /* ViewController.swift in Sources */,
				25E0F571241F6C1E0034432A /* EventCells.swift in Sources */,
				251EF5C82426298E006536F1 /* ViewController2.swift in Sources */,
				25CEF67A240338B900034E12 /* matchSchedule.swift in Sources */,
				25F96487242104F10095A6DF /* tbaKey.swift in Sources */,
				25F35CC42400E60600CAA81D /* AppDelegate.swift in Sources */,
				25F35CC62400E60600CAA81D /* SceneDelegate.swift in Sources */,
			);
			runOnlyForDeploymentPostprocessing = 0;
		};
/* End PBXSourcesBuildPhase section */

/* Begin PBXVariantGroup section */
		25F35CC92400E60600CAA81D /* Main.storyboard */ = {
			isa = PBXVariantGroup;
			children = (
				25F35CCA2400E60600CAA81D /* Base */,
			);
			name = Main.storyboard;
			sourceTree = "<group>";
		};
		25F35CCE2400E60800CAA81D /* LaunchScreen.storyboard */ = {
			isa = PBXVariantGroup;
			children = (
				25F35CCF2400E60800CAA81D /* Base */,
			);
			name = LaunchScreen.storyboard;
			sourceTree = "<group>";
		};
/* End PBXVariantGroup section */

/* Begin XCBuildConfiguration section */
		25F35CD22400E60800CAA81D /* Debug */ = {
			isa = XCBuildConfiguration;
			buildSettings = {
				ALWAYS_SEARCH_USER_PATHS = NO;
				CLANG_ANALYZER_NONNULL = YES;
				CLANG_ANALYZER_NUMBER_OBJECT_CONVERSION = YES_AGGRESSIVE;
				CLANG_CXX_LANGUAGE_STANDARD = "gnu++14";
				CLANG_CXX_LIBRARY = "libc++";
				CLANG_ENABLE_MODULES = YES;
				CLANG_ENABLE_OBJC_ARC = YES;
				CLANG_ENABLE_OBJC_WEAK = YES;
				CLANG_WARN_BLOCK_CAPTURE_AUTORELEASING = YES;
				CLANG_WARN_BOOL_CONVERSION = YES;
				CLANG_WARN_COMMA = YES;
				CLANG_WARN_CONSTANT_CONVERSION = YES;
				CLANG_WARN_DEPRECATED_OBJC_IMPLEMENTATIONS = YES;
				CLANG_WARN_DIRECT_OBJC_ISA_USAGE = YES_ERROR;
				CLANG_WARN_DOCUMENTATION_COMMENTS = YES;
				CLANG_WARN_EMPTY_BODY = YES;
				CLANG_WARN_ENUM_CONVERSION = YES;
				CLANG_WARN_INFINITE_RECURSION = YES;
				CLANG_WARN_INT_CONVERSION = YES;
				CLANG_WARN_NON_LITERAL_NULL_CONVERSION = YES;
				CLANG_WARN_OBJC_IMPLICIT_RETAIN_SELF = YES;
				CLANG_WARN_OBJC_LITERAL_CONVERSION = YES;
				CLANG_WARN_OBJC_ROOT_CLASS = YES_ERROR;
				CLANG_WARN_RANGE_LOOP_ANALYSIS = YES;
				CLANG_WARN_STRICT_PROTOTYPES = YES;
				CLANG_WARN_SUSPICIOUS_MOVE = YES;
				CLANG_WARN_UNGUARDED_AVAILABILITY = YES_AGGRESSIVE;
				CLANG_WARN_UNREACHABLE_CODE = YES;
				CLANG_WARN__DUPLICATE_METHOD_MATCH = YES;
				COPY_PHASE_STRIP = NO;
				DEBUG_INFORMATION_FORMAT = dwarf;
				ENABLE_STRICT_OBJC_MSGSEND = YES;
				ENABLE_TESTABILITY = YES;
				GCC_C_LANGUAGE_STANDARD = gnu11;
				GCC_DYNAMIC_NO_PIC = NO;
				GCC_NO_COMMON_BLOCKS = YES;
				GCC_OPTIMIZATION_LEVEL = 0;
				GCC_PREPROCESSOR_DEFINITIONS = (
					"DEBUG=1",
					"$(inherited)",
				);
				GCC_WARN_64_TO_32_BIT_CONVERSION = YES;
				GCC_WARN_ABOUT_RETURN_TYPE = YES_ERROR;
				GCC_WARN_UNDECLARED_SELECTOR = YES;
				GCC_WARN_UNINITIALIZED_AUTOS = YES_AGGRESSIVE;
				GCC_WARN_UNUSED_FUNCTION = YES;
				GCC_WARN_UNUSED_VARIABLE = YES;
				IPHONEOS_DEPLOYMENT_TARGET = 13.2;
				MTL_ENABLE_DEBUG_INFO = INCLUDE_SOURCE;
				MTL_FAST_MATH = YES;
				ONLY_ACTIVE_ARCH = YES;
				SDKROOT = iphoneos;
				SWIFT_ACTIVE_COMPILATION_CONDITIONS = DEBUG;
				SWIFT_OPTIMIZATION_LEVEL = "-Onone";
			};
			name = Debug;
		};
		25F35CD32400E60800CAA81D /* Release */ = {
			isa = XCBuildConfiguration;
			buildSettings = {
				ALWAYS_SEARCH_USER_PATHS = NO;
				CLANG_ANALYZER_NONNULL = YES;
				CLANG_ANALYZER_NUMBER_OBJECT_CONVERSION = YES_AGGRESSIVE;
				CLANG_CXX_LANGUAGE_STANDARD = "gnu++14";
				CLANG_CXX_LIBRARY = "libc++";
				CLANG_ENABLE_MODULES = YES;
				CLANG_ENABLE_OBJC_ARC = YES;
				CLANG_ENABLE_OBJC_WEAK = YES;
				CLANG_WARN_BLOCK_CAPTURE_AUTORELEASING = YES;
				CLANG_WARN_BOOL_CONVERSION = YES;
				CLANG_WARN_COMMA = YES;
				CLANG_WARN_CONSTANT_CONVERSION = YES;
				CLANG_WARN_DEPRECATED_OBJC_IMPLEMENTATIONS = YES;
				CLANG_WARN_DIRECT_OBJC_ISA_USAGE = YES_ERROR;
				CLANG_WARN_DOCUMENTATION_COMMENTS = YES;
				CLANG_WARN_EMPTY_BODY = YES;
				CLANG_WARN_ENUM_CONVERSION = YES;
				CLANG_WARN_INFINITE_RECURSION = YES;
				CLANG_WARN_INT_CONVERSION = YES;
				CLANG_WARN_NON_LITERAL_NULL_CONVERSION = YES;
				CLANG_WARN_OBJC_IMPLICIT_RETAIN_SELF = YES;
				CLANG_WARN_OBJC_LITERAL_CONVERSION = YES;
				CLANG_WARN_OBJC_ROOT_CLASS = YES_ERROR;
				CLANG_WARN_RANGE_LOOP_ANALYSIS = YES;
				CLANG_WARN_STRICT_PROTOTYPES = YES;
				CLANG_WARN_SUSPICIOUS_MOVE = YES;
				CLANG_WARN_UNGUARDED_AVAILABILITY = YES_AGGRESSIVE;
				CLANG_WARN_UNREACHABLE_CODE = YES;
				CLANG_WARN__DUPLICATE_METHOD_MATCH = YES;
				COPY_PHASE_STRIP = NO;
				DEBUG_INFORMATION_FORMAT = "dwarf-with-dsym";
				ENABLE_NS_ASSERTIONS = NO;
				ENABLE_STRICT_OBJC_MSGSEND = YES;
				GCC_C_LANGUAGE_STANDARD = gnu11;
				GCC_NO_COMMON_BLOCKS = YES;
				GCC_WARN_64_TO_32_BIT_CONVERSION = YES;
				GCC_WARN_ABOUT_RETURN_TYPE = YES_ERROR;
				GCC_WARN_UNDECLARED_SELECTOR = YES;
				GCC_WARN_UNINITIALIZED_AUTOS = YES_AGGRESSIVE;
				GCC_WARN_UNUSED_FUNCTION = YES;
				GCC_WARN_UNUSED_VARIABLE = YES;
				IPHONEOS_DEPLOYMENT_TARGET = 13.2;
				MTL_ENABLE_DEBUG_INFO = NO;
				MTL_FAST_MATH = YES;
				SDKROOT = iphoneos;
				SWIFT_COMPILATION_MODE = wholemodule;
				SWIFT_OPTIMIZATION_LEVEL = "-O";
				VALIDATE_PRODUCT = YES;
			};
			name = Release;
		};
		25F35CD52400E60800CAA81D /* Debug */ = {
			isa = XCBuildConfiguration;
			buildSettings = {
				ASSETCATALOG_COMPILER_APPICON_NAME = AppIcon;
				CODE_SIGN_STYLE = Automatic;
				DEVELOPMENT_TEAM = G3TH5ENU87;
				INFOPLIST_FILE = "ios-scouting-app/Info.plist";
				LD_RUNPATH_SEARCH_PATHS = (
					"$(inherited)",
					"@executable_path/Frameworks",
				);
				PRODUCT_BUNDLE_IDENTIFIER = "LocPham.ios-scouting-app";
				PRODUCT_NAME = "$(TARGET_NAME)";
				SWIFT_VERSION = 5.0;
				TARGETED_DEVICE_FAMILY = "1,2";
			};
			name = Debug;
		};
		25F35CD62400E60800CAA81D /* Release */ = {
			isa = XCBuildConfiguration;
			buildSettings = {
				ASSETCATALOG_COMPILER_APPICON_NAME = AppIcon;
				CODE_SIGN_STYLE = Automatic;
				DEVELOPMENT_TEAM = G3TH5ENU87;
				INFOPLIST_FILE = "ios-scouting-app/Info.plist";
				LD_RUNPATH_SEARCH_PATHS = (
					"$(inherited)",
					"@executable_path/Frameworks",
				);
				PRODUCT_BUNDLE_IDENTIFIER = "LocPham.ios-scouting-app";
				PRODUCT_NAME = "$(TARGET_NAME)";
				SWIFT_VERSION = 5.0;
				TARGETED_DEVICE_FAMILY = "1,2";
			};
			name = Release;
		};
/* End XCBuildConfiguration section */

/* Begin XCConfigurationList section */
		25F35CBB2400E60600CAA81D /* Build configuration list for PBXProject "ios-scouting-app" */ = {
			isa = XCConfigurationList;
			buildConfigurations = (
				25F35CD22400E60800CAA81D /* Debug */,
				25F35CD32400E60800CAA81D /* Release */,
			);
			defaultConfigurationIsVisible = 0;
			defaultConfigurationName = Release;
		};
		25F35CD42400E60800CAA81D /* Build configuration list for PBXNativeTarget "ios-scouting-app" */ = {
			isa = XCConfigurationList;
			buildConfigurations = (
				25F35CD52400E60800CAA81D /* Debug */,
				25F35CD62400E60800CAA81D /* Release */,
			);
			defaultConfigurationIsVisible = 0;
			defaultConfigurationName = Release;
		};
/* End XCConfigurationList section */
	};
	rootObject = 25F35CB82400E60600CAA81D /* Project object */;
}
